
Microsoft Visual Studio Solution File, Format Version 12.00
# Visual Studio Version 17
VisualStudioVersion = 17.14.36511.14 d17.14
MinimumVisualStudioVersion = 10.0.40219.1
Project("{FAE04EC0-301F-11D3-BF4B-00C04F79EFBC}") = "ExpenseTracker", "ExpenseTracker\ExpenseTracker.csproj", "{32E0943A-3EE3-4FC4-B51A-FEFB1C19907F}"
EndProject
Project("{FAE04EC0-301F-11D3-BF4B-00C04F79EFBC}") = "ExpenseAgent", "ExpenseAgent\ExpenseAgent.csproj", "{E9E7695B-1081-4E5F-94A2-670673689B7A}"
EndProject
Project("{FAE04EC0-301F-11D3-BF4B-00C04F79EFBC}") = "ExpenseProcessing", "ExpenseProcessing\ExpenseProcessing.csproj", "{0D1D393A-289B-44FA-A5FD-1AB706925811}"
EndProject
Project("{FAE04EC0-301F-11D3-BF4B-00C04F79EFBC}") = "Common", "Common\Common.csproj", "{48678A87-EAAD-4FF5-BF77-9C904A4DE84B}"
EndProject
Project("{FAE04EC0-301F-11D3-BF4B-00C04F79EFBC}") = "Tests", "Tests\Tests.csproj", "{7B0762E2-68B9-4F77-B70A-9FF20A4A7FC2}"
EndProject
Global
	GlobalSection(SolutionConfigurationPlatforms) = preSolution
		Debug|Any CPU = Debug|Any CPU
		Release|Any CPU = Release|Any CPU
	EndGlobalSection
	GlobalSection(ProjectConfigurationPlatforms) = postSolution
		{32E0943A-3EE3-4FC4-B51A-FEFB1C19907F}.Debug|Any CPU.ActiveCfg = Debug|Any CPU
		{32E0943A-3EE3-4FC4-B51A-FEFB1C19907F}.Debug|Any CPU.Build.0 = Debug|Any CPU
		{32E0943A-3EE3-4FC4-B51A-FEFB1C19907F}.Debug|Any CPU.Deploy.0 = Debug|Any CPU
		{32E0943A-3EE3-4FC4-B51A-FEFB1C19907F}.Release|Any CPU.ActiveCfg = Release|Any CPU
		{32E0943A-3EE3-4FC4-B51A-FEFB1C19907F}.Release|Any CPU.Build.0 = Release|Any CPU
		{E9E7695B-1081-4E5F-94A2-670673689B7A}.Debug|Any CPU.ActiveCfg = Debug|Any CPU
		{E9E7695B-1081-4E5F-94A2-670673689B7A}.Debug|Any CPU.Build.0 = Debug|Any CPU
		{E9E7695B-1081-4E5F-94A2-670673689B7A}.Release|Any CPU.ActiveCfg = Release|Any CPU
		{E9E7695B-1081-4E5F-94A2-670673689B7A}.Release|Any CPU.Build.0 = Release|Any CPU
		{0D1D393A-289B-44FA-A5FD-1AB706925811}.Debug|Any CPU.ActiveCfg = Debug|Any CPU
		{0D1D393A-289B-44FA-A5FD-1AB706925811}.Debug|Any CPU.Build.0 = Debug|Any CPU
		{0D1D393A-289B-44FA-A5FD-1AB706925811}.Release|Any CPU.ActiveCfg = Release|Any CPU
		{0D1D393A-289B-44FA-A5FD-1AB706925811}.Release|Any CPU.Build.0 = Release|Any CPU
		{48678A87-EAAD-4FF5-BF77-9C904A4DE84B}.Debug|Any CPU.ActiveCfg = Debug|Any CPU
		{48678A87-EAAD-4FF5-BF77-9C904A4DE84B}.Debug|Any CPU.Build.0 = Debug|Any CPU
		{48678A87-EAAD-4FF5-BF77-9C904A4DE84B}.Release|Any CPU.ActiveCfg = Release|Any CPU
		{48678A87-EAAD-4FF5-BF77-9C904A4DE84B}.Release|Any CPU.Build.0 = Release|Any CPU
		{7B0762E2-68B9-4F77-B70A-9FF20A4A7FC2}.Debug|Any CPU.ActiveCfg = Debug|Any CPU
		{7B0762E2-68B9-4F77-B70A-9FF20A4A7FC2}.Debug|Any CPU.Build.0 = Debug|Any CPU
		{7B0762E2-68B9-4F77-B70A-9FF20A4A7FC2}.Release|Any CPU.ActiveCfg = Release|Any CPU
		{7B0762E2-68B9-4F77-B70A-9FF20A4A7FC2}.Release|Any CPU.Build.0 = Release|Any CPU
	EndGlobalSection
	GlobalSection(SolutionProperties) = preSolution
		HideSolutionNode = FALSE
	EndGlobalSection
	GlobalSection(ExtensibilityGlobals) = postSolution
		SolutionGuid = {6E033CC7-5FCE-4A2E-AF0D-136FBD169614}
	EndGlobalSection
EndGlobal
